// !$*UTF8*$!
{
	archiveVersion = 1;
	classes = {
	};
	objectVersion = 50;
	objects = {

/* Begin PBXBuildFile section */
		8FDA66D0251C328E00A99F1E /* AppDelegate.swift in Sources */ = {isa = PBXBuildFile; fileRef = 8FDA66CF251C328E00A99F1E /* AppDelegate.swift */; };
		8FDA66D2251C328E00A99F1E /* SceneDelegate.swift in Sources */ = {isa = PBXBuildFile; fileRef = 8FDA66D1251C328E00A99F1E /* SceneDelegate.swift */; };
		8FDA66D4251C328E00A99F1E /* ViewController.swift in Sources */ = {isa = PBXBuildFile; fileRef = 8FDA66D3251C328E00A99F1E /* ViewController.swift */; };
		8FDA66D7251C328E00A99F1E /* Main.storyboard in Resources */ = {isa = PBXBuildFile; fileRef = 8FDA66D5251C328E00A99F1E /* Main.storyboard */; };
		8FDA66D9251C328E00A99F1E /* Assets.xcassets in Resources */ = {isa = PBXBuildFile; fileRef = 8FDA66D8251C328E00A99F1E /* Assets.xcassets */; };
		8FDA66DC251C328E00A99F1E /* LaunchScreen.storyboard in Resources */ = {isa = PBXBuildFile; fileRef = 8FDA66DA251C328E00A99F1E /* LaunchScreen.storyboard */; };
		8FDA66F8251C8A4C00A99F1E /* BarrageSpriteView.swift in Sources */ = {isa = PBXBuildFile; fileRef = 8FDA66F7251C8A4C00A99F1E /* BarrageSpriteView.swift */; };
		8FDA6714251CA0CE00A99F1E /* BarrageWalkSprite.swift in Sources */ = {isa = PBXBuildFile; fileRef = 8FDA670C251CA0CE00A99F1E /* BarrageWalkSprite.swift */; };
		8FDA6715251CA0CE00A99F1E /* BarrageViewProtocol.swift in Sources */ = {isa = PBXBuildFile; fileRef = 8FDA670D251CA0CE00A99F1E /* BarrageViewProtocol.swift */; };
		8FDA6716251CA0CE00A99F1E /* BarrageSprite.swift in Sources */ = {isa = PBXBuildFile; fileRef = 8FDA670E251CA0CE00A99F1E /* BarrageSprite.swift */; };
		8FDA6717251CA0CE00A99F1E /* BarrageDispatcher.swift in Sources */ = {isa = PBXBuildFile; fileRef = 8FDA6710251CA0CE00A99F1E /* BarrageDispatcher.swift */; };
		8FDA6718251CA0CE00A99F1E /* BarrageCanvas.swift in Sources */ = {isa = PBXBuildFile; fileRef = 8FDA6711251CA0CE00A99F1E /* BarrageCanvas.swift */; };
		8FDA6719251CA0CE00A99F1E /* BarrageRenderer.swift in Sources */ = {isa = PBXBuildFile; fileRef = 8FDA6712251CA0CE00A99F1E /* BarrageRenderer.swift */; };
		8FDA671A251CA0CE00A99F1E /* BarrageClock.swift in Sources */ = {isa = PBXBuildFile; fileRef = 8FDA6713251CA0CE00A99F1E /* BarrageClock.swift */; };
/* End PBXBuildFile section */

/* Begin PBXFileReference section */
		8FDA66CC251C328E00A99F1E /* BarrageSwift-Demo.app */ = {isa = PBXFileReference; explicitFileType = wrapper.application; includeInIndex = 0; path = "BarrageSwift-Demo.app"; sourceTree = BUILT_PRODUCTS_DIR; };
		8FDA66CF251C328E00A99F1E /* AppDelegate.swift */ = {isa = PBXFileReference; lastKnownFileType = sourcecode.swift; path = AppDelegate.swift; sourceTree = "<group>"; };
		8FDA66D1251C328E00A99F1E /* SceneDelegate.swift */ = {isa = PBXFileReference; lastKnownFileType = sourcecode.swift; path = SceneDelegate.swift; sourceTree = "<group>"; };
		8FDA66D3251C328E00A99F1E /* ViewController.swift */ = {isa = PBXFileReference; lastKnownFileType = sourcecode.swift; path = ViewController.swift; sourceTree = "<group>"; };
		8FDA66D6251C328E00A99F1E /* Base */ = {isa = PBXFileReference; lastKnownFileType = file.storyboard; name = Base; path = Base.lproj/Main.storyboard; sourceTree = "<group>"; };
		8FDA66D8251C328E00A99F1E /* Assets.xcassets */ = {isa = PBXFileReference; lastKnownFileType = folder.assetcatalog; path = Assets.xcassets; sourceTree = "<group>"; };
		8FDA66DB251C328E00A99F1E /* Base */ = {isa = PBXFileReference; lastKnownFileType = file.storyboard; name = Base; path = Base.lproj/LaunchScreen.storyboard; sourceTree = "<group>"; };
		8FDA66DD251C328E00A99F1E /* Info.plist */ = {isa = PBXFileReference; lastKnownFileType = text.plist.xml; path = Info.plist; sourceTree = "<group>"; };
		8FDA66F7251C8A4C00A99F1E /* BarrageSpriteView.swift */ = {isa = PBXFileReference; lastKnownFileType = sourcecode.swift; path = BarrageSpriteView.swift; sourceTree = "<group>"; };
		8FDA670C251CA0CE00A99F1E /* BarrageWalkSprite.swift */ = {isa = PBXFileReference; fileEncoding = 4; lastKnownFileType = sourcecode.swift; path = BarrageWalkSprite.swift; sourceTree = "<group>"; };
		8FDA670D251CA0CE00A99F1E /* BarrageViewProtocol.swift */ = {isa = PBXFileReference; fileEncoding = 4; lastKnownFileType = sourcecode.swift; path = BarrageViewProtocol.swift; sourceTree = "<group>"; };
		8FDA670E251CA0CE00A99F1E /* BarrageSprite.swift */ = {isa = PBXFileReference; fileEncoding = 4; lastKnownFileType = sourcecode.swift; path = BarrageSprite.swift; sourceTree = "<group>"; };
		8FDA6710251CA0CE00A99F1E /* BarrageDispatcher.swift */ = {isa = PBXFileReference; fileEncoding = 4; lastKnownFileType = sourcecode.swift; path = BarrageDispatcher.swift; sourceTree = "<group>"; };
		8FDA6711251CA0CE00A99F1E /* BarrageCanvas.swift */ = {isa = PBXFileReference; fileEncoding = 4; lastKnownFileType = sourcecode.swift; path = BarrageCanvas.swift; sourceTree = "<group>"; };
		8FDA6712251CA0CE00A99F1E /* BarrageRenderer.swift */ = {isa = PBXFileReference; fileEncoding = 4; lastKnownFileType = sourcecode.swift; path = BarrageRenderer.swift; sourceTree = "<group>"; };
		8FDA6713251CA0CE00A99F1E /* BarrageClock.swift */ = {isa = PBXFileReference; fileEncoding = 4; lastKnownFileType = sourcecode.swift; path = BarrageClock.swift; sourceTree = "<group>"; };
/* End PBXFileReference section */

/* Begin PBXFrameworksBuildPhase section */
		8FDA66C9251C328E00A99F1E /* Frameworks */ = {
			isa = PBXFrameworksBuildPhase;
			buildActionMask = 2147483647;
			files = (
			);
			runOnlyForDeploymentPostprocessing = 0;
		};
/* End PBXFrameworksBuildPhase section */

/* Begin PBXGroup section */
		8FDA66C3251C328E00A99F1E = {
			isa = PBXGroup;
			children = (
				8FDA670A251CA0CE00A99F1E /* BarrageSwift */,
				8FDA66CE251C328E00A99F1E /* BarrageSwift-Demo */,
				8FDA66CD251C328E00A99F1E /* Products */,
			);
			sourceTree = "<group>";
		};
		8FDA66CD251C328E00A99F1E /* Products */ = {
			isa = PBXGroup;
			children = (
				8FDA66CC251C328E00A99F1E /* BarrageSwift-Demo.app */,
			);
			name = Products;
			sourceTree = "<group>";
		};
		8FDA66CE251C328E00A99F1E /* BarrageSwift-Demo */ = {
			isa = PBXGroup;
			children = (
				8FDA66CF251C328E00A99F1E /* AppDelegate.swift */,
				8FDA66D1251C328E00A99F1E /* SceneDelegate.swift */,
				8FDA66D3251C328E00A99F1E /* ViewController.swift */,
				8FDA66F7251C8A4C00A99F1E /* BarrageSpriteView.swift */,
				8FDA66D5251C328E00A99F1E /* Main.storyboard */,
				8FDA66D8251C328E00A99F1E /* Assets.xcassets */,
				8FDA66DA251C328E00A99F1E /* LaunchScreen.storyboard */,
				8FDA66DD251C328E00A99F1E /* Info.plist */,
			);
			path = "BarrageSwift-Demo";
			sourceTree = "<group>";
		};
		8FDA670A251CA0CE00A99F1E /* BarrageSwift */ = {
			isa = PBXGroup;
			children = (
				8FDA670B251CA0CE00A99F1E /* Sprite */,
				8FDA670F251CA0CE00A99F1E /* Engine */,
			);
			name = BarrageSwift;
			path = ../../Yalla/yoyo_iOS/yoyo/Classes/Room/Barrage/BarrageSwift;
			sourceTree = "<group>";
		};
		8FDA670B251CA0CE00A99F1E /* Sprite */ = {
			isa = PBXGroup;
			children = (
				8FDA670E251CA0CE00A99F1E /* BarrageSprite.swift */,
				8FDA670C251CA0CE00A99F1E /* BarrageWalkSprite.swift */,
				8FDA670D251CA0CE00A99F1E /* BarrageViewProtocol.swift */,
			);
			path = Sprite;
			sourceTree = "<group>";
		};
		8FDA670F251CA0CE00A99F1E /* Engine */ = {
			isa = PBXGroup;
			children = (
				8FDA6710251CA0CE00A99F1E /* BarrageDispatcher.swift */,
				8FDA6711251CA0CE00A99F1E /* BarrageCanvas.swift */,
				8FDA6712251CA0CE00A99F1E /* BarrageRenderer.swift */,
				8FDA6713251CA0CE00A99F1E /* BarrageClock.swift */,
			);
			path = Engine;
			sourceTree = "<group>";
		};
/* End PBXGroup section */

/* Begin PBXNativeTarget section */
		8FDA66CB251C328E00A99F1E /* BarrageSwift-Demo */ = {
			isa = PBXNativeTarget;
			buildConfigurationList = 8FDA66E0251C328E00A99F1E /* Build configuration list for PBXNativeTarget "BarrageSwift-Demo" */;
			buildPhases = (
				8FDA66C8251C328E00A99F1E /* Sources */,
				8FDA66C9251C328E00A99F1E /* Frameworks */,
				8FDA66CA251C328E00A99F1E /* Resources */,
			);
			buildRules = (
			);
			dependencies = (
			);
			name = "BarrageSwift-Demo";
			productName = "BarrageSwift-Demo";
			productReference = 8FDA66CC251C328E00A99F1E /* BarrageSwift-Demo.app */;
			productType = "com.apple.product-type.application";
		};
/* End PBXNativeTarget section */

/* Begin PBXProject section */
		8FDA66C4251C328E00A99F1E /* Project object */ = {
			isa = PBXProject;
			attributes = {
				LastSwiftUpdateCheck = 1120;
				LastUpgradeCheck = 1120;
				ORGANIZATIONNAME = lishengfeng;
				TargetAttributes = {
					8FDA66CB251C328E00A99F1E = {
						CreatedOnToolsVersion = 11.2.1;
					};
				};
			};
			buildConfigurationList = 8FDA66C7251C328E00A99F1E /* Build configuration list for PBXProject "BarrageSwift-Demo" */;
			compatibilityVersion = "Xcode 9.3";
			developmentRegion = en;
			hasScannedForEncodings = 0;
			knownRegions = (
				en,
				Base,
			);
			mainGroup = 8FDA66C3251C328E00A99F1E;
			productRefGroup = 8FDA66CD251C328E00A99F1E /* Products */;
			projectDirPath = "";
			projectRoot = "";
			targets = (
				8FDA66CB251C328E00A99F1E /* BarrageSwift-Demo */,
			);
		};
/* End PBXProject section */

/* Begin PBXResourcesBuildPhase section */
		8FDA66CA251C328E00A99F1E /* Resources */ = {
			isa = PBXResourcesBuildPhase;
			buildActionMask = 2147483647;
			files = (
				8FDA66DC251C328E00A99F1E /* LaunchScreen.storyboard in Resources */,
				8FDA66D9251C328E00A99F1E /* Assets.xcassets in Resources */,
				8FDA66D7251C328E00A99F1E /* Main.storyboard in Resources */,
			);
			runOnlyForDeploymentPostprocessing = 0;
		};
/* End PBXResourcesBuildPhase section */

/* Begin PBXSourcesBuildPhase section */
		8FDA66C8251C328E00A99F1E /* Sources */ = {
			isa = PBXSourcesBuildPhase;
			buildActionMask = 2147483647;
			files = (
				8FDA66F8251C8A4C00A99F1E /* BarrageSpriteView.swift in Sources */,
				8FDA66D4251C328E00A99F1E /* ViewController.swift in Sources */,
				8FDA66D0251C328E00A99F1E /* AppDelegate.swift in Sources */,
				8FDA6715251CA0CE00A99F1E /* BarrageViewProtocol.swift in Sources */,
				8FDA671A251CA0CE00A99F1E /* BarrageClock.swift in Sources */,
				8FDA6716251CA0CE00A99F1E /* BarrageSprite.swift in Sources */,
				8FDA6717251CA0CE00A99F1E /* BarrageDispatcher.swift in Sources */,
				8FDA6714251CA0CE00A99F1E /* BarrageWalkSprite.swift in Sources */,
				8FDA6719251CA0CE00A99F1E /* BarrageRenderer.swift in Sources */,
				8FDA6718251CA0CE00A99F1E /* BarrageCanvas.swift in Sources */,
				8FDA66D2251C328E00A99F1E /* SceneDelegate.swift in Sources */,
			);
			runOnlyForDeploymentPostprocessing = 0;
		};
/* End PBXSourcesBuildPhase section */

/* Begin PBXVariantGroup section */
		8FDA66D5251C328E00A99F1E /* Main.storyboard */ = {
			isa = PBXVariantGroup;
			children = (
				8FDA66D6251C328E00A99F1E /* Base */,
			);
			name = Main.storyboard;
			sourceTree = "<group>";
		};
		8FDA66DA251C328E00A99F1E /* LaunchScreen.storyboard */ = {
			isa = PBXVariantGroup;
			children = (
				8FDA66DB251C328E00A99F1E /* Base */,
			);
			name = LaunchScreen.storyboard;
			sourceTree = "<group>";
		};
/* End PBXVariantGroup section */

/* Begin XCBuildConfiguration section */
		8FDA66DE251C328E00A99F1E /* Debug */ = {
			isa = XCBuildConfiguration;
			buildSettings = {
				ALWAYS_SEARCH_USER_PATHS = NO;
				CLANG_ANALYZER_NONNULL = YES;
				CLANG_ANALYZER_NUMBER_OBJECT_CONVERSION = YES_AGGRESSIVE;
				CLANG_CXX_LANGUAGE_STANDARD = "gnu++14";
				CLANG_CXX_LIBRARY = "libc++";
				CLANG_ENABLE_MODULES = YES;
				CLANG_ENABLE_OBJC_ARC = YES;
				CLANG_ENABLE_OBJC_WEAK = YES;
				CLANG_WARN_BLOCK_CAPTURE_AUTORELEASING = YES;
				CLANG_WARN_BOOL_CONVERSION = YES;
				CLANG_WARN_COMMA = YES;
				CLANG_WARN_CONSTANT_CONVERSION = YES;
				CLANG_WARN_DEPRECATED_OBJC_IMPLEMENTATIONS = YES;
				CLANG_WARN_DIRECT_OBJC_ISA_USAGE = YES_ERROR;
				CLANG_WARN_DOCUMENTATION_COMMENTS = YES;
				CLANG_WARN_EMPTY_BODY = YES;
				CLANG_WARN_ENUM_CONVERSION = YES;
				CLANG_WARN_INFINITE_RECURSION = YES;
				CLANG_WARN_INT_CONVERSION = YES;
				CLANG_WARN_NON_LITERAL_NULL_CONVERSION = YES;
				CLANG_WARN_OBJC_IMPLICIT_RETAIN_SELF = YES;
				CLANG_WARN_OBJC_LITERAL_CONVERSION = YES;
				CLANG_WARN_OBJC_ROOT_CLASS = YES_ERROR;
				CLANG_WARN_RANGE_LOOP_ANALYSIS = YES;
				CLANG_WARN_STRICT_PROTOTYPES = YES;
				CLANG_WARN_SUSPICIOUS_MOVE = YES;
				CLANG_WARN_UNGUARDED_AVAILABILITY = YES_AGGRESSIVE;
				CLANG_WARN_UNREACHABLE_CODE = YES;
				CLANG_WARN__DUPLICATE_METHOD_MATCH = YES;
				COPY_PHASE_STRIP = NO;
				DEBUG_INFORMATION_FORMAT = dwarf;
				ENABLE_STRICT_OBJC_MSGSEND = YES;
				ENABLE_TESTABILITY = YES;
				GCC_C_LANGUAGE_STANDARD = gnu11;
				GCC_DYNAMIC_NO_PIC = NO;
				GCC_NO_COMMON_BLOCKS = YES;
				GCC_OPTIMIZATION_LEVEL = 0;
				GCC_PREPROCESSOR_DEFINITIONS = (
					"DEBUG=1",
					"$(inherited)",
				);
				GCC_WARN_64_TO_32_BIT_CONVERSION = YES;
				GCC_WARN_ABOUT_RETURN_TYPE = YES_ERROR;
				GCC_WARN_UNDECLARED_SELECTOR = YES;
				GCC_WARN_UNINITIALIZED_AUTOS = YES_AGGRESSIVE;
				GCC_WARN_UNUSED_FUNCTION = YES;
				GCC_WARN_UNUSED_VARIABLE = YES;
				IPHONEOS_DEPLOYMENT_TARGET = 13.2;
				MTL_ENABLE_DEBUG_INFO = INCLUDE_SOURCE;
				MTL_FAST_MATH = YES;
				ONLY_ACTIVE_ARCH = YES;
				SDKROOT = iphoneos;
				SWIFT_ACTIVE_COMPILATION_CONDITIONS = DEBUG;
				SWIFT_OPTIMIZATION_LEVEL = "-Onone";
			};
			name = Debug;
		};
		8FDA66DF251C328E00A99F1E /* Release */ = {
			isa = XCBuildConfiguration;
			buildSettings = {
				ALWAYS_SEARCH_USER_PATHS = NO;
				CLANG_ANALYZER_NONNULL = YES;
				CLANG_ANALYZER_NUMBER_OBJECT_CONVERSION = YES_AGGRESSIVE;
				CLANG_CXX_LANGUAGE_STANDARD = "gnu++14";
				CLANG_CXX_LIBRARY = "libc++";
				CLANG_ENABLE_MODULES = YES;
				CLANG_ENABLE_OBJC_ARC = YES;
				CLANG_ENABLE_OBJC_WEAK = YES;
				CLANG_WARN_BLOCK_CAPTURE_AUTORELEASING = YES;
				CLANG_WARN_BOOL_CONVERSION = YES;
				CLANG_WARN_COMMA = YES;
				CLANG_WARN_CONSTANT_CONVERSION = YES;
				CLANG_WARN_DEPRECATED_OBJC_IMPLEMENTATIONS = YES;
				CLANG_WARN_DIRECT_OBJC_ISA_USAGE = YES_ERROR;
				CLANG_WARN_DOCUMENTATION_COMMENTS = YES;
				CLANG_WARN_EMPTY_BODY = YES;
				CLANG_WARN_ENUM_CONVERSION = YES;
				CLANG_WARN_INFINITE_RECURSION = YES;
				CLANG_WARN_INT_CONVERSION = YES;
				CLANG_WARN_NON_LITERAL_NULL_CONVERSION = YES;
				CLANG_WARN_OBJC_IMPLICIT_RETAIN_SELF = YES;
				CLANG_WARN_OBJC_LITERAL_CONVERSION = YES;
				CLANG_WARN_OBJC_ROOT_CLASS = YES_ERROR;
				CLANG_WARN_RANGE_LOOP_ANALYSIS = YES;
				CLANG_WARN_STRICT_PROTOTYPES = YES;
				CLANG_WARN_SUSPICIOUS_MOVE = YES;
				CLANG_WARN_UNGUARDED_AVAILABILITY = YES_AGGRESSIVE;
				CLANG_WARN_UNREACHABLE_CODE = YES;
				CLANG_WARN__DUPLICATE_METHOD_MATCH = YES;
				COPY_PHASE_STRIP = NO;
				DEBUG_INFORMATION_FORMAT = "dwarf-with-dsym";
				ENABLE_NS_ASSERTIONS = NO;
				ENABLE_STRICT_OBJC_MSGSEND = YES;
				GCC_C_LANGUAGE_STANDARD = gnu11;
				GCC_NO_COMMON_BLOCKS = YES;
				GCC_WARN_64_TO_32_BIT_CONVERSION = YES;
				GCC_WARN_ABOUT_RETURN_TYPE = YES_ERROR;
				GCC_WARN_UNDECLARED_SELECTOR = YES;
				GCC_WARN_UNINITIALIZED_AUTOS = YES_AGGRESSIVE;
				GCC_WARN_UNUSED_FUNCTION = YES;
				GCC_WARN_UNUSED_VARIABLE = YES;
				IPHONEOS_DEPLOYMENT_TARGET = 13.2;
				MTL_ENABLE_DEBUG_INFO = NO;
				MTL_FAST_MATH = YES;
				SDKROOT = iphoneos;
				SWIFT_COMPILATION_MODE = wholemodule;
				SWIFT_OPTIMIZATION_LEVEL = "-O";
				VALIDATE_PRODUCT = YES;
			};
			name = Release;
		};
		8FDA66E1251C328E00A99F1E /* Debug */ = {
			isa = XCBuildConfiguration;
			buildSettings = {
				ASSETCATALOG_COMPILER_APPICON_NAME = AppIcon;
				CODE_SIGN_STYLE = Automatic;
				DEVELOPMENT_TEAM = Y5ZVL3285Y;
				INFOPLIST_FILE = "BarrageSwift-Demo/Info.plist";
				LD_RUNPATH_SEARCH_PATHS = (
					"$(inherited)",
					"@executable_path/Frameworks",
				);
				PRODUCT_BUNDLE_IDENTIFIER = "LSF.BarrageSwift-Demo";
				PRODUCT_NAME = "$(TARGET_NAME)";
				SWIFT_VERSION = 5.0;
				TARGETED_DEVICE_FAMILY = "1,2";
			};
			name = Debug;
		};
		8FDA66E2251C328E00A99F1E /* Release */ = {
			isa = XCBuildConfiguration;
			buildSettings = {
				ASSETCATALOG_COMPILER_APPICON_NAME = AppIcon;
				CODE_SIGN_STYLE = Automatic;
				DEVELOPMENT_TEAM = Y5ZVL3285Y;
				INFOPLIST_FILE = "BarrageSwift-Demo/Info.plist";
				LD_RUNPATH_SEARCH_PATHS = (
					"$(inherited)",
					"@executable_path/Frameworks",
				);
				PRODUCT_BUNDLE_IDENTIFIER = "LSF.BarrageSwift-Demo";
				PRODUCT_NAME = "$(TARGET_NAME)";
				SWIFT_VERSION = 5.0;
				TARGETED_DEVICE_FAMILY = "1,2";
			};
			name = Release;
		};
/* End XCBuildConfiguration section */

/* Begin XCConfigurationList section */
		8FDA66C7251C328E00A99F1E /* Build configuration list for PBXProject "BarrageSwift-Demo" */ = {
			isa = XCConfigurationList;
			buildConfigurations = (
				8FDA66DE251C328E00A99F1E /* Debug */,
				8FDA66DF251C328E00A99F1E /* Release */,
			);
			defaultConfigurationIsVisible = 0;
			defaultConfigurationName = Release;
		};
		8FDA66E0251C328E00A99F1E /* Build configuration list for PBXNativeTarget "BarrageSwift-Demo" */ = {
			isa = XCConfigurationList;
			buildConfigurations = (
				8FDA66E1251C328E00A99F1E /* Debug */,
				8FDA66E2251C328E00A99F1E /* Release */,
			);
			defaultConfigurationIsVisible = 0;
			defaultConfigurationName = Release;
		};
/* End XCConfigurationList section */
	};
	rootObject = 8FDA66C4251C328E00A99F1E /* Project object */;
}
